// !$*UTF8*$!
{
	archiveVersion = 1;
	classes = {
	};
	objectVersion = 46;
	objects = {

/* Begin PBXBuildFile section */
		BD9EFE931B415A8F00B13013 /* main.m in Sources */ = {isa = PBXBuildFile; fileRef = BD9EFE921B415A8F00B13013 /* main.m */; };
		BD9EFE961B415A8F00B13013 /* AppDelegate.m in Sources */ = {isa = PBXBuildFile; fileRef = BD9EFE951B415A8F00B13013 /* AppDelegate.m */; };
		BD9EFE991B415A8F00B13013 /* ViewController.m in Sources */ = {isa = PBXBuildFile; fileRef = BD9EFE981B415A8F00B13013 /* ViewController.m */; };
		BD9EFE9C1B415A8F00B13013 /* Main.storyboard in Resources */ = {isa = PBXBuildFile; fileRef = BD9EFE9A1B415A8F00B13013 /* Main.storyboard */; };
		BD9EFE9E1B415A8F00B13013 /* Images.xcassets in Resources */ = {isa = PBXBuildFile; fileRef = BD9EFE9D1B415A8F00B13013 /* Images.xcassets */; };
		BD9EFEA11B415A8F00B13013 /* LaunchScreen.xib in Resources */ = {isa = PBXBuildFile; fileRef = BD9EFE9F1B415A8F00B13013 /* LaunchScreen.xib */; };
		BD9EFEAD1B415A8F00B13013 /* BaseProjectTests.m in Sources */ = {isa = PBXBuildFile; fileRef = BD9EFEAC1B415A8F00B13013 /* BaseProjectTests.m */; };
/* End PBXBuildFile section */

/* Begin PBXContainerItemProxy section */
		BD9EFEA71B415A8F00B13013 /* PBXContainerItemProxy */ = {
			isa = PBXContainerItemProxy;
			containerPortal = BD9EFE851B415A8F00B13013 /* Project object */;
			proxyType = 1;
			remoteGlobalIDString = BD9EFE8C1B415A8F00B13013;
			remoteInfo = BaseProject;
		};
/* End PBXContainerItemProxy section */

/* Begin PBXFileReference section */
		BD9EFE8D1B415A8F00B13013 /* BaseProject.app */ = {isa = PBXFileReference; explicitFileType = wrapper.application; includeInIndex = 0; path = BaseProject.app; sourceTree = BUILT_PRODUCTS_DIR; };
		BD9EFE911B415A8F00B13013 /* Info.plist */ = {isa = PBXFileReference; lastKnownFileType = text.plist.xml; path = Info.plist; sourceTree = "<group>"; };
		BD9EFE921B415A8F00B13013 /* main.m */ = {isa = PBXFileReference; lastKnownFileType = sourcecode.c.objc; path = main.m; sourceTree = "<group>"; };
		BD9EFE941B415A8F00B13013 /* AppDelegate.h */ = {isa = PBXFileReference; lastKnownFileType = sourcecode.c.h; path = AppDelegate.h; sourceTree = "<group>"; };
		BD9EFE951B415A8F00B13013 /* AppDelegate.m */ = {isa = PBXFileReference; lastKnownFileType = sourcecode.c.objc; path = AppDelegate.m; sourceTree = "<group>"; };
		BD9EFE971B415A8F00B13013 /* ViewController.h */ = {isa = PBXFileReference; lastKnownFileType = sourcecode.c.h; path = ViewController.h; sourceTree = "<group>"; };
		BD9EFE981B415A8F00B13013 /* ViewController.m */ = {isa = PBXFileReference; lastKnownFileType = sourcecode.c.objc; path = ViewController.m; sourceTree = "<group>"; };
		BD9EFE9B1B415A8F00B13013 /* Base */ = {isa = PBXFileReference; lastKnownFileType = file.storyboard; name = Base; path = Base.lproj/Main.storyboard; sourceTree = "<group>"; };
		BD9EFE9D1B415A8F00B13013 /* Images.xcassets */ = {isa = PBXFileReference; lastKnownFileType = folder.assetcatalog; path = Images.xcassets; sourceTree = "<group>"; };
		BD9EFEA01B415A8F00B13013 /* Base */ = {isa = PBXFileReference; lastKnownFileType = file.xib; name = Base; path = Base.lproj/LaunchScreen.xib; sourceTree = "<group>"; };
		BD9EFEA61B415A8F00B13013 /* BaseProjectTests.xctest */ = {isa = PBXFileReference; explicitFileType = wrapper.cfbundle; includeInIndex = 0; path = BaseProjectTests.xctest; sourceTree = BUILT_PRODUCTS_DIR; };
		BD9EFEAB1B415A8F00B13013 /* Info.plist */ = {isa = PBXFileReference; lastKnownFileType = text.plist.xml; path = Info.plist; sourceTree = "<group>"; };
		BD9EFEAC1B415A8F00B13013 /* BaseProjectTests.m */ = {isa = PBXFileReference; lastKnownFileType = sourcecode.c.objc; path = BaseProjectTests.m; sourceTree = "<group>"; };
/* End PBXFileReference section */

/* Begin PBXFrameworksBuildPhase section */
		BD9EFE8A1B415A8F00B13013 /* Frameworks */ = {
			isa = PBXFrameworksBuildPhase;
			buildActionMask = 2147483647;
			files = (
			);
			runOnlyForDeploymentPostprocessing = 0;
		};
		BD9EFEA31B415A8F00B13013 /* Frameworks */ = {
			isa = PBXFrameworksBuildPhase;
			buildActionMask = 2147483647;
			files = (
			);
			runOnlyForDeploymentPostprocessing = 0;
		};
/* End PBXFrameworksBuildPhase section */

/* Begin PBXGroup section */
		BD9EFE841B415A8F00B13013 = {
			isa = PBXGroup;
			children = (
				BD9EFE8F1B415A8F00B13013 /* BaseProject */,
				BD9EFEA91B415A8F00B13013 /* BaseProjectTests */,
				BD9EFE8E1B415A8F00B13013 /* Products */,
			);
			sourceTree = "<group>";
		};
		BD9EFE8E1B415A8F00B13013 /* Products */ = {
			isa = PBXGroup;
			children = (
				BD9EFE8D1B415A8F00B13013 /* BaseProject.app */,
				BD9EFEA61B415A8F00B13013 /* BaseProjectTests.xctest */,
			);
			name = Products;
			sourceTree = "<group>";
		};
		BD9EFE8F1B415A8F00B13013 /* BaseProject */ = {
			isa = PBXGroup;
			children = (
				BD9EFE941B415A8F00B13013 /* AppDelegate.h */,
				BD9EFE951B415A8F00B13013 /* AppDelegate.m */,
				BD9EFE971B415A8F00B13013 /* ViewController.h */,
				BD9EFE981B415A8F00B13013 /* ViewController.m */,
				BD9EFE9A1B415A8F00B13013 /* Main.storyboard */,
				BD9EFE9D1B415A8F00B13013 /* Images.xcassets */,
				BD9EFE9F1B415A8F00B13013 /* LaunchScreen.xib */,
				BD9EFE901B415A8F00B13013 /* Supporting Files */,
			);
			path = BaseProject;
			sourceTree = "<group>";
		};
		BD9EFE901B415A8F00B13013 /* Supporting Files */ = {
			isa = PBXGroup;
			children = (
				BD9EFE911B415A8F00B13013 /* Info.plist */,
				BD9EFE921B415A8F00B13013 /* main.m */,
			);
			name = "Supporting Files";
			sourceTree = "<group>";
		};
		BD9EFEA91B415A8F00B13013 /* BaseProjectTests */ = {
			isa = PBXGroup;
			children = (
				BD9EFEAC1B415A8F00B13013 /* BaseProjectTests.m */,
				BD9EFEAA1B415A8F00B13013 /* Supporting Files */,
			);
			path = BaseProjectTests;
			sourceTree = "<group>";
		};
		BD9EFEAA1B415A8F00B13013 /* Supporting Files */ = {
			isa = PBXGroup;
			children = (
				BD9EFEAB1B415A8F00B13013 /* Info.plist */,
			);
			name = "Supporting Files";
			sourceTree = "<group>";
		};
/* End PBXGroup section */

/* Begin PBXNativeTarget section */
		BD9EFE8C1B415A8F00B13013 /* BaseProject */ = {
			isa = PBXNativeTarget;
			buildConfigurationList = BD9EFEB01B415A8F00B13013 /* Build configuration list for PBXNativeTarget "BaseProject" */;
			buildPhases = (
				BD9EFE891B415A8F00B13013 /* Sources */,
				BD9EFE8A1B415A8F00B13013 /* Frameworks */,
				BD9EFE8B1B415A8F00B13013 /* Resources */,
			);
			buildRules = (
			);
			dependencies = (
			);
			name = BaseProject;
			productName = BaseProject;
			productReference = BD9EFE8D1B415A8F00B13013 /* BaseProject.app */;
			productType = "com.apple.product-type.application";
		};
		BD9EFEA51B415A8F00B13013 /* BaseProjectTests */ = {
			isa = PBXNativeTarget;
			buildConfigurationList = BD9EFEB31B415A8F00B13013 /* Build configuration list for PBXNativeTarget "BaseProjectTests" */;
			buildPhases = (
				BD9EFEA21B415A8F00B13013 /* Sources */,
				BD9EFEA31B415A8F00B13013 /* Frameworks */,
				BD9EFEA41B415A8F00B13013 /* Resources */,
			);
			buildRules = (
			);
			dependencies = (
				BD9EFEA81B415A8F00B13013 /* PBXTargetDependency */,
			);
			name = BaseProjectTests;
			productName = BaseProjectTests;
			productReference = BD9EFEA61B415A8F00B13013 /* BaseProjectTests.xctest */;
			productType = "com.apple.product-type.bundle.unit-test";
		};
/* End PBXNativeTarget section */

/* Begin PBXProject section */
		BD9EFE851B415A8F00B13013 /* Project object */ = {
			isa = PBXProject;
			attributes = {
				LastUpgradeCheck = 0630;
				ORGANIZATIONNAME = zhupetter;
				TargetAttributes = {
					BD9EFE8C1B415A8F00B13013 = {
						CreatedOnToolsVersion = 6.3.2;
					};
					BD9EFEA51B415A8F00B13013 = {
						CreatedOnToolsVersion = 6.3.2;
						TestTargetID = BD9EFE8C1B415A8F00B13013;
					};
				};
			};
			buildConfigurationList = BD9EFE881B415A8F00B13013 /* Build configuration list for PBXProject "BaseProject" */;
			compatibilityVersion = "Xcode 3.2";
			developmentRegion = English;
			hasScannedForEncodings = 0;
			knownRegions = (
				en,
				Base,
			);
			mainGroup = BD9EFE841B415A8F00B13013;
			productRefGroup = BD9EFE8E1B415A8F00B13013 /* Products */;
			projectDirPath = "";
			projectRoot = "";
			targets = (
				BD9EFE8C1B415A8F00B13013 /* BaseProject */,
				BD9EFEA51B415A8F00B13013 /* BaseProjectTests */,
			);
		};
/* End PBXProject section */

/* Begin PBXResourcesBuildPhase section */
		BD9EFE8B1B415A8F00B13013 /* Resources */ = {
			isa = PBXResourcesBuildPhase;
			buildActionMask = 2147483647;
			files = (
				BD9EFE9C1B415A8F00B13013 /* Main.storyboard in Resources */,
				BD9EFEA11B415A8F00B13013 /* LaunchScreen.xib in Resources */,
				BD9EFE9E1B415A8F00B13013 /* Images.xcassets in Resources */,
			);
			runOnlyForDeploymentPostprocessing = 0;
		};
		BD9EFEA41B415A8F00B13013 /* Resources */ = {
			isa = PBXResourcesBuildPhase;
			buildActionMask = 2147483647;
			files = (
			);
			runOnlyForDeploymentPostprocessing = 0;
		};
/* End PBXResourcesBuildPhase section */

/* Begin PBXSourcesBuildPhase section */
		BD9EFE891B415A8F00B13013 /* Sources */ = {
			isa = PBXSourcesBuildPhase;
			buildActionMask = 2147483647;
			files = (
				BD9EFE991B415A8F00B13013 /* ViewController.m in Sources */,
				BD9EFE961B415A8F00B13013 /* AppDelegate.m in Sources */,
				BD9EFE931B415A8F00B13013 /* main.m in Sources */,
			);
			runOnlyForDeploymentPostprocessing = 0;
		};
		BD9EFEA21B415A8F00B13013 /* Sources */ = {
			isa = PBXSourcesBuildPhase;
			buildActionMask = 2147483647;
			files = (
				BD9EFEAD1B415A8F00B13013 /* BaseProjectTests.m in Sources */,
			);
			runOnlyForDeploymentPostprocessing = 0;
		};
/* End PBXSourcesBuildPhase section */

/* Begin PBXTargetDependency section */
		BD9EFEA81B415A8F00B13013 /* PBXTargetDependency */ = {
			isa = PBXTargetDependency;
			target = BD9EFE8C1B415A8F00B13013 /* BaseProject */;
			targetProxy = BD9EFEA71B415A8F00B13013 /* PBXContainerItemProxy */;
		};
/* End PBXTargetDependency section */

/* Begin PBXVariantGroup section */
		BD9EFE9A1B415A8F00B13013 /* Main.storyboard */ = {
			isa = PBXVariantGroup;
			children = (
				BD9EFE9B1B415A8F00B13013 /* Base */,
			);
			name = Main.storyboard;
			sourceTree = "<group>";
		};
		BD9EFE9F1B415A8F00B13013 /* LaunchScreen.xib */ = {
			isa = PBXVariantGroup;
			children = (
				BD9EFEA01B415A8F00B13013 /* Base */,
			);
			name = LaunchScreen.xib;
			sourceTree = "<group>";
		};
/* End PBXVariantGroup section */

/* Begin XCBuildConfiguration section */
		BD9EFEAE1B415A8F00B13013 /* Debug */ = {
			isa = XCBuildConfiguration;
			buildSettings = {
				ALWAYS_SEARCH_USER_PATHS = NO;
				CLANG_CXX_LANGUAGE_STANDARD = "gnu++0x";
				CLANG_CXX_LIBRARY = "libc++";
				CLANG_ENABLE_MODULES = YES;
				CLANG_ENABLE_OBJC_ARC = YES;
				CLANG_WARN_BOOL_CONVERSION = YES;
				CLANG_WARN_CONSTANT_CONVERSION = YES;
				CLANG_WARN_DIRECT_OBJC_ISA_USAGE = YES_ERROR;
				CLANG_WARN_EMPTY_BODY = YES;
				CLANG_WARN_ENUM_CONVERSION = YES;
				CLANG_WARN_INT_CONVERSION = YES;
				CLANG_WARN_OBJC_ROOT_CLASS = YES_ERROR;
				CLANG_WARN_UNREACHABLE_CODE = YES;
				CLANG_WARN__DUPLICATE_METHOD_MATCH = YES;
				"CODE_SIGN_IDENTITY[sdk=iphoneos*]" = "iPhone Developer";
				COPY_PHASE_STRIP = NO;
				DEBUG_INFORMATION_FORMAT = "dwarf-with-dsym";
				ENABLE_STRICT_OBJC_MSGSEND = YES;
				GCC_C_LANGUAGE_STANDARD = gnu99;
				GCC_DYNAMIC_NO_PIC = NO;
				GCC_NO_COMMON_BLOCKS = YES;
				GCC_OPTIMIZATION_LEVEL = 0;
				GCC_PREPROCESSOR_DEFINITIONS = (
					"DEBUG=1",
					"$(inherited)",
				);
				GCC_SYMBOLS_PRIVATE_EXTERN = NO;
				GCC_WARN_64_TO_32_BIT_CONVERSION = YES;
				GCC_WARN_ABOUT_RETURN_TYPE = YES_ERROR;
				GCC_WARN_UNDECLARED_SELECTOR = YES;
				GCC_WARN_UNINITIALIZED_AUTOS = YES_AGGRESSIVE;
				GCC_WARN_UNUSED_FUNCTION = YES;
				GCC_WARN_UNUSED_VARIABLE = YES;
				IPHONEOS_DEPLOYMENT_TARGET = 8.3;
				MTL_ENABLE_DEBUG_INFO = YES;
				ONLY_ACTIVE_ARCH = YES;
				SDKROOT = iphoneos;
			};
			name = Debug;
		};
		BD9EFEAF1B415A8F00B13013 /* Release */ = {
			isa = XCBuildConfiguration;
			buildSettings = {
				ALWAYS_SEARCH_USER_PATHS = NO;
				CLANG_CXX_LANGUAGE_STANDARD = "gnu++0x";
				CLANG_CXX_LIBRARY = "libc++";
				CLANG_ENABLE_MODULES = YES;
				CLANG_ENABLE_OBJC_ARC = YES;
				CLANG_WARN_BOOL_CONVERSION = YES;
				CLANG_WARN_CONSTANT_CONVERSION = YES;
				CLANG_WARN_DIRECT_OBJC_ISA_USAGE = YES_ERROR;
				CLANG_WARN_EMPTY_BODY = YES;
				CLANG_WARN_ENUM_CONVERSION = YES;
				CLANG_WARN_INT_CONVERSION = YES;
				CLANG_WARN_OBJC_ROOT_CLASS = YES_ERROR;
				CLANG_WARN_UNREACHABLE_CODE = YES;
				CLANG_WARN__DUPLICATE_METHOD_MATCH = YES;
				"CODE_SIGN_IDENTITY[sdk=iphoneos*]" = "iPhone Developer";
				COPY_PHASE_STRIP = NO;
				DEBUG_INFORMATION_FORMAT = "dwarf-with-dsym";
				ENABLE_NS_ASSERTIONS = NO;
				ENABLE_STRICT_OBJC_MSGSEND = YES;
				GCC_C_LANGUAGE_STANDARD = gnu99;
				GCC_NO_COMMON_BLOCKS = YES;
				GCC_WARN_64_TO_32_BIT_CONVERSION = YES;
				GCC_WARN_ABOUT_RETURN_TYPE = YES_ERROR;
				GCC_WARN_UNDECLARED_SELECTOR = YES;
				GCC_WARN_UNINITIALIZED_AUTOS = YES_AGGRESSIVE;
				GCC_WARN_UNUSED_FUNCTION = YES;
				GCC_WARN_UNUSED_VARIABLE = YES;
				IPHONEOS_DEPLOYMENT_TARGET = 8.3;
				MTL_ENABLE_DEBUG_INFO = NO;
				SDKROOT = iphoneos;
				VALIDATE_PRODUCT = YES;
			};
			name = Release;
		};
		BD9EFEB11B415A8F00B13013 /* Debug */ = {
			isa = XCBuildConfiguration;
			buildSettings = {
				ASSETCATALOG_COMPILER_APPICON_NAME = AppIcon;
				INFOPLIST_FILE = BaseProject/Info.plist;
				LD_RUNPATH_SEARCH_PATHS = "$(inherited) @executable_path/Frameworks";
				PRODUCT_NAME = "$(TARGET_NAME)";
			};
			name = Debug;
		};
		BD9EFEB21B415A8F00B13013 /* Release */ = {
			isa = XCBuildConfiguration;
			buildSettings = {
				ASSETCATALOG_COMPILER_APPICON_NAME = AppIcon;
				INFOPLIST_FILE = BaseProject/Info.plist;
				LD_RUNPATH_SEARCH_PATHS = "$(inherited) @executable_path/Frameworks";
				PRODUCT_NAME = "$(TARGET_NAME)";
			};
			name = Release;
		};
		BD9EFEB41B415A8F00B13013 /* Debug */ = {
			isa = XCBuildConfiguration;
			buildSettings = {
				BUNDLE_LOADER = "$(TEST_HOST)";
				FRAMEWORK_SEARCH_PATHS = (
					"$(SDKROOT)/Developer/Library/Frameworks",
					"$(inherited)",
				);
				GCC_PREPROCESSOR_DEFINITIONS = (
					"DEBUG=1",
					"$(inherited)",
				);
				INFOPLIST_FILE = BaseProjectTests/Info.plist;
				LD_RUNPATH_SEARCH_PATHS = "$(inherited) @executable_path/Frameworks @loader_path/Frameworks";
				PRODUCT_NAME = "$(TARGET_NAME)";
				TEST_HOST = "$(BUILT_PRODUCTS_DIR)/BaseProject.app/BaseProject";
			};
			name = Debug;
		};
		BD9EFEB51B415A8F00B13013 /* Release */ = {
			isa = XCBuildConfiguration;
			buildSettings = {
				BUNDLE_LOADER = "$(TEST_HOST)";
				FRAMEWORK_SEARCH_PATHS = (
					"$(SDKROOT)/Developer/Library/Frameworks",
					"$(inherited)",
				);
				INFOPLIST_FILE = BaseProjectTests/Info.plist;
				LD_RUNPATH_SEARCH_PATHS = "$(inherited) @executable_path/Frameworks @loader_path/Frameworks";
				PRODUCT_NAME = "$(TARGET_NAME)";
				TEST_HOST = "$(BUILT_PRODUCTS_DIR)/BaseProject.app/BaseProject";
			};
			name = Release;
		};
/* End XCBuildConfiguration section */

/* Begin XCConfigurationList section */
		BD9EFE881B415A8F00B13013 /* Build configuration list for PBXProject "BaseProject" */ = {
			isa = XCConfigurationList;
			buildConfigurations = (
				BD9EFEAE1B415A8F00B13013 /* Debug */,
				BD9EFEAF1B415A8F00B13013 /* Release */,
			);
			defaultConfigurationIsVisible = 0;
			defaultConfigurationName = Release;
		};
		BD9EFEB01B415A8F00B13013 /* Build configuration list for PBXNativeTarget "BaseProject" */ = {
			isa = XCConfigurationList;
			buildConfigurations = (
				BD9EFEB11B415A8F00B13013 /* Debug */,
				BD9EFEB21B415A8F00B13013 /* Release */,
			);
			defaultConfigurationIsVisible = 0;
		};
		BD9EFEB31B415A8F00B13013 /* Build configuration list for PBXNativeTarget "BaseProjectTests" */ = {
			isa = XCConfigurationList;
			buildConfigurations = (
				BD9EFEB41B415A8F00B13013 /* Debug */,
				BD9EFEB51B415A8F00B13013 /* Release */,
			);
			defaultConfigurationIsVisible = 0;
		};
/* End XCConfigurationList section */
	};
	rootObject = BD9EFE851B415A8F00B13013 /* Project object */;
}
